
Microsoft Visual Studio Solution File, Format Version 12.00
# Visual Studio Version 17
VisualStudioVersion = 17.0.31912.275
MinimumVisualStudioVersion = 10.0.40219.1
Project("{9A19103F-16F7-4668-BE54-9A1E7A4F7556}") = "Puzzle1", "Puzzle1.csproj", "{C4C51241-D495-44B9-A876-12BCE1A813C5}"
EndProject
Global
	GlobalSection(SolutionConfigurationPlatforms) = preSolution
		Debug|Any CPU = Debug|Any CPU
		Release|Any CPU = Release|Any CPU
	EndGlobalSection
	GlobalSection(ProjectConfigurationPlatforms) = postSolution
		{C4C51241-D495-44B9-A876-12BCE1A813C5}.Debug|Any CPU.ActiveCfg = Debug|Any CPU
		{C4C51241-D495-44B9-A876-12BCE1A813C5}.Debug|Any CPU.Build.0 = Debug|Any CPU
		{C4C51241-D495-44B9-A876-12BCE1A813C5}.Release|Any CPU.ActiveCfg = Release|Any CPU
		{C4C51241-D495-44B9-A876-12BCE1A813C5}.Release|Any CPU.Build.0 = Release|Any CPU
	EndGlobalSection
	GlobalSection(SolutionProperties) = preSolution
		HideSolutionNode = FALSE
	EndGlobalSection
	GlobalSection(ExtensibilityGlobals) = postSolution
		SolutionGuid = {D10EEC13-7D22-4A1A-995F-5083C9DADCFE}
	EndGlobalSection
EndGlobal
